
Microsoft Visual Studio Solution File, Format Version 12.00
# Visual Studio 14
VisualStudioVersion = 14.0.25420.1
MinimumVisualStudioVersion = 10.0.40219.1
Project("{FAE04EC0-301F-11D3-BF4B-00C04F79EFBC}") = "SelfHostWebAPI", "SelfHostWebAPI\SelfHostWebAPI.csproj", "{6EBAD36F-8F7A-4848-82BD-B8E569352C95}"
EndProject
Global
	GlobalSection(SolutionConfigurationPlatforms) = preSolution
		Debug|Any CPU = Debug|Any CPU
		Release|Any CPU = Release|Any CPU
	EndGlobalSection
	GlobalSection(ProjectConfigurationPlatforms) = postSolution
		{6EBAD36F-8F7A-4848-82BD-B8E569352C95}.Debug|Any CPU.ActiveCfg = Debug|Any CPU
		{6EBAD36F-8F7A-4848-82BD-B8E569352C95}.Debug|Any CPU.Build.0 = Debug|Any CPU
		{6EBAD36F-8F7A-4848-82BD-B8E569352C95}.Release|Any CPU.ActiveCfg = Release|Any CPU
		{6EBAD36F-8F7A-4848-82BD-B8E569352C95}.Release|Any CPU.Build.0 = Release|Any CPU
	EndGlobalSection
	GlobalSection(SolutionProperties) = preSolution
		HideSolutionNode = FALSE
	EndGlobalSection
EndGlobal
